
Microsoft Visual Studio Solution File, Format Version 12.00
# Visual Studio 15
VisualStudioVersion = 15.0.25920.0
MinimumVisualStudioVersion = 10.0.40219.1
Project("{FAE04EC0-301F-11D3-BF4B-00C04F79EFBC}") = "Xamarin.PropertyEditing", "Xamarin.PropertyEditing\Xamarin.PropertyEditing.csproj", "{A0B6FE73-D046-4E1C-BA9D-F20683889C5A}"
EndProject
Project("{FAE04EC0-301F-11D3-BF4B-00C04F79EFBC}") = "Xamarin.PropertyEditing.Mac", "Xamarin.PropertyEditing.Mac\Xamarin.PropertyEditing.Mac.csproj", "{E8F4F0EB-C2B1-4116-8459-E076E0E0E485}"
EndProject
Project("{FAE04EC0-301F-11D3-BF4B-00C04F79EFBC}") = "Xamarin.PropertyEditing.Mac.Standalone", "Xamarin.PropertyEditing.Mac.Standalone\Xamarin.PropertyEditing.Mac.Standalone.csproj", "{A8ADFD5D-26CE-446B-AACA-99F6CA26FE45}"
EndProject
Global
	GlobalSection(SolutionConfigurationPlatforms) = preSolution
		Debug|Any CPU = Debug|Any CPU
		Release|Any CPU = Release|Any CPU
		DebugMac|Any CPU = DebugMac|Any CPU
		ReleaseMac|Any CPU = ReleaseMac|Any CPU
	EndGlobalSection
	GlobalSection(ProjectConfigurationPlatforms) = postSolution
		{A0B6FE73-D046-4E1C-BA9D-F20683889C5A}.Debug|Any CPU.ActiveCfg = Debug|Any CPU
		{A0B6FE73-D046-4E1C-BA9D-F20683889C5A}.Debug|Any CPU.Build.0 = Debug|Any CPU
		{A0B6FE73-D046-4E1C-BA9D-F20683889C5A}.Release|Any CPU.ActiveCfg = Release|Any CPU
		{A0B6FE73-D046-4E1C-BA9D-F20683889C5A}.Release|Any CPU.Build.0 = Release|Any CPU
		{A0B6FE73-D046-4E1C-BA9D-F20683889C5A}.DebugMac|Any CPU.ActiveCfg = Debug|Any CPU
		{A0B6FE73-D046-4E1C-BA9D-F20683889C5A}.DebugMac|Any CPU.Build.0 = Debug|Any CPU
		{A0B6FE73-D046-4E1C-BA9D-F20683889C5A}.ReleaseMac|Any CPU.ActiveCfg = Release|Any CPU
		{A0B6FE73-D046-4E1C-BA9D-F20683889C5A}.ReleaseMac|Any CPU.Build.0 = Release|Any CPU
		{E8F4F0EB-C2B1-4116-8459-E076E0E0E485}.Debug|Any CPU.ActiveCfg = Debug|Any CPU
		{E8F4F0EB-C2B1-4116-8459-E076E0E0E485}.Release|Any CPU.ActiveCfg = Release|Any CPU
		{E8F4F0EB-C2B1-4116-8459-E076E0E0E485}.DebugMac|Any CPU.ActiveCfg = Debug|Any CPU
		{E8F4F0EB-C2B1-4116-8459-E076E0E0E485}.DebugMac|Any CPU.Build.0 = Debug|Any CPU
		{E8F4F0EB-C2B1-4116-8459-E076E0E0E485}.ReleaseMac|Any CPU.ActiveCfg = Release|Any CPU
		{E8F4F0EB-C2B1-4116-8459-E076E0E0E485}.ReleaseMac|Any CPU.Build.0 = Release|Any CPU
		{A8ADFD5D-26CE-446B-AACA-99F6CA26FE45}.Debug|Any CPU.ActiveCfg = Debug|Any CPU
		{A8ADFD5D-26CE-446B-AACA-99F6CA26FE45}.Release|Any CPU.ActiveCfg = Release|Any CPU
		{A8ADFD5D-26CE-446B-AACA-99F6CA26FE45}.DebugMac|Any CPU.ActiveCfg = Debug|Any CPU
		{A8ADFD5D-26CE-446B-AACA-99F6CA26FE45}.DebugMac|Any CPU.Build.0 = Debug|Any CPU
		{A8ADFD5D-26CE-446B-AACA-99F6CA26FE45}.ReleaseMac|Any CPU.ActiveCfg = Release|Any CPU
		{A8ADFD5D-26CE-446B-AACA-99F6CA26FE45}.ReleaseMac|Any CPU.Build.0 = Release|Any CPU
	EndGlobalSection
	GlobalSection(SolutionProperties) = preSolution
		HideSolutionNode = FALSE
	EndGlobalSection
	GlobalSection(MonoDevelopProperties) = preSolution
		Policies = $0
		$0.DotNetNamingPolicy = $1
		$1.DirectoryNamespaceAssociation = PrefixedHierarchical
		$0.TextStylePolicy = $2
		$2.FileWidth = 80
		$2.scope = text/x-csharp
		$0.CSharpFormattingPolicy = $3
		$3.NewLinesForBracesInAnonymousMethods = False
		$3.NewLinesForBracesInControlBlocks = False
		$3.NewLinesForBracesInAnonymousTypes = False
		$3.NewLinesForBracesInObjectCollectionArrayInitializers = False
		$3.NewLinesForBracesInLambdaExpressionBody = False
		$3.NewLineForElse = False
		$3.NewLineForCatch = False
		$3.NewLineForFinally = False
		$3.SpacingAfterMethodDeclarationName = True
		$3.SpaceAfterMethodCallName = True
		$3.scope = text/x-csharp
	EndGlobalSection
EndGlobal
